
Microsoft Visual Studio Solution File, Format Version 12.00
# Visual Studio Version 17
VisualStudioVersion = 17.0.31903.59
MinimumVisualStudioVersion = 10.0.40219.1
Project("{FAE04EC0-301F-11D3-BF4B-00C04F79EFBC}") = "LeaderBoardWithRedis.API", "LeaderBoardWithRedis.API\LeaderBoardWithRedis.API.csproj", "{B4712FA1-70B1-4DBB-83EA-A7AF7378BD70}"
EndProject
Project("{FAE04EC0-301F-11D3-BF4B-00C04F79EFBC}") = "LeaderBoardWithRedis.DAL.Redis", "LeaderBoardWithRedis.DAL.Redis\LeaderBoardWithRedis.DAL.Redis.csproj", "{BDB54E9F-6AB9-4BF5-8937-09A816BE8E5F}"
EndProject
Project("{FAE04EC0-301F-11D3-BF4B-00C04F79EFBC}") = "LeaderBoardWithRedis.Domain", "LeaderBoardWithRedis.Domain\LeaderBoardWithRedis.Domain.csproj", "{BE27E99B-73BA-4C0A-8AFC-FE720CB8A1EA}"
EndProject
Global
	GlobalSection(SolutionConfigurationPlatforms) = preSolution
		Debug|Any CPU = Debug|Any CPU
		Release|Any CPU = Release|Any CPU
	EndGlobalSection
	GlobalSection(ProjectConfigurationPlatforms) = postSolution
		{B4712FA1-70B1-4DBB-83EA-A7AF7378BD70}.Debug|Any CPU.ActiveCfg = Debug|Any CPU
		{B4712FA1-70B1-4DBB-83EA-A7AF7378BD70}.Debug|Any CPU.Build.0 = Debug|Any CPU
		{B4712FA1-70B1-4DBB-83EA-A7AF7378BD70}.Release|Any CPU.ActiveCfg = Release|Any CPU
		{B4712FA1-70B1-4DBB-83EA-A7AF7378BD70}.Release|Any CPU.Build.0 = Release|Any CPU
		{BDB54E9F-6AB9-4BF5-8937-09A816BE8E5F}.Debug|Any CPU.ActiveCfg = Debug|Any CPU
		{BDB54E9F-6AB9-4BF5-8937-09A816BE8E5F}.Debug|Any CPU.Build.0 = Debug|Any CPU
		{BDB54E9F-6AB9-4BF5-8937-09A816BE8E5F}.Release|Any CPU.ActiveCfg = Release|Any CPU
		{BDB54E9F-6AB9-4BF5-8937-09A816BE8E5F}.Release|Any CPU.Build.0 = Release|Any CPU
		{BE27E99B-73BA-4C0A-8AFC-FE720CB8A1EA}.Debug|Any CPU.ActiveCfg = Debug|Any CPU
		{BE27E99B-73BA-4C0A-8AFC-FE720CB8A1EA}.Debug|Any CPU.Build.0 = Debug|Any CPU
		{BE27E99B-73BA-4C0A-8AFC-FE720CB8A1EA}.Release|Any CPU.ActiveCfg = Release|Any CPU
		{BE27E99B-73BA-4C0A-8AFC-FE720CB8A1EA}.Release|Any CPU.Build.0 = Release|Any CPU
	EndGlobalSection
	GlobalSection(SolutionProperties) = preSolution
		HideSolutionNode = FALSE
	EndGlobalSection
	GlobalSection(ExtensibilityGlobals) = postSolution
		SolutionGuid = {74A4D594-7B6E-4F0F-A74B-34CC68EC2D2C}
	EndGlobalSection
EndGlobal
